
Microsoft Visual Studio Solution File, Format Version 12.00
# Visual Studio 15
VisualStudioVersion = 15.0.27703.2047
MinimumVisualStudioVersion = 10.0.40219.1
Project("{FAE04EC0-301F-11D3-BF4B-00C04F79EFBC}") = "PracticeLINQ", "PracticeLINQ\PracticeLINQ.csproj", "{ACA802D9-3BFF-43ED-A769-844748C1D628}"
EndProject
Global
	GlobalSection(SolutionConfigurationPlatforms) = preSolution
		Debug|Any CPU = Debug|Any CPU
		Release|Any CPU = Release|Any CPU
	EndGlobalSection
	GlobalSection(ProjectConfigurationPlatforms) = postSolution
		{ACA802D9-3BFF-43ED-A769-844748C1D628}.Debug|Any CPU.ActiveCfg = Debug|Any CPU
		{ACA802D9-3BFF-43ED-A769-844748C1D628}.Debug|Any CPU.Build.0 = Debug|Any CPU
		{ACA802D9-3BFF-43ED-A769-844748C1D628}.Release|Any CPU.ActiveCfg = Release|Any CPU
		{ACA802D9-3BFF-43ED-A769-844748C1D628}.Release|Any CPU.Build.0 = Release|Any CPU
	EndGlobalSection
	GlobalSection(SolutionProperties) = preSolution
		HideSolutionNode = FALSE
	EndGlobalSection
	GlobalSection(ExtensibilityGlobals) = postSolution
		SolutionGuid = {5682B057-003A-4183-B6BF-53F4F23F1012}
	EndGlobalSection
EndGlobal
